{
  "name": "queuing_system_in_js",
  "version": "1.0.0",
  "lockfileVersion": 3,
  "requires": true,
  "packages": {
    "": {
      "name": "queuing_system_in_js",
      "version": "1.0.0",
      "license": "ISC",
      "dependencies": {
        "chai-http": "^4.3.0",
        "express": "^4.17.1",
        "kue": "^0.11.6",
        "redis": "^2.8.0"
      },
      "devDependencies": {
        "@babel/cli": "^7.8.0",
        "@babel/core": "^7.8.0",
        "@babel/node": "^7.8.0",
        "@babel/preset-env": "^7.8.2",
        "@babel/register": "^7.8.0",
        "chai": "^4.2.0",
        "eslint": "^6.4.0",
        "eslint-config-airbnb-base": "^14.0.0",
        "eslint-plugin-import": "^2.18.2",
        "eslint-plugin-jest": "^22.17.0",
        "mocha": "^6.2.3",
        "nodemon": "^2.0.2",
        "request": "^2.88.0",
        "sinon": "^7.5.0"
      }
    },
    "node_modules/@ampproject/remapping": {
      "version": "2.2.0",
      "resolved": "https://registry.npmjs.org/@ampproject/remapping/-/remapping-2.2.0.tgz",
      "integrity": "sha512-qRmjj8nj9qmLTQXXmaR1cck3UXSRMPrbsLJAasZpF+t3riI71BXed5ebIOYwQntykeZuhjsdweEc9BxH5Jc26w==",
      "dev": true,
      "dependencies": {
        "@jridgewell/gen-mapping": "^0.1.0",
        "@jridgewell/trace-mapping": "^0.3.9"
      },
      "engines": {
        "node": ">=6.0.0"
      }
    },
    "node_modules/@babel/cli": {
      "version": "7.21.0",
      "resolved": "https://registry.npmjs.org/@babel/cli/-/cli-7.21.0.tgz",
      "integrity": "sha512-xi7CxyS8XjSyiwUGCfwf+brtJxjW1/ZTcBUkP10xawIEXLX5HzLn+3aXkgxozcP2UhRhtKTmQurw9Uaes7jZrA==",
      "dev": true,
      "dependencies": {
        "@jridgewell/trace-mapping": "^0.3.17",
        "commander": "^4.0.1",
        "convert-source-map": "^1.1.0",
        "fs-readdir-recursive": "^1.1.0",
        "glob": "^7.2.0",
        "make-dir": "^2.1.0",
        "slash": "^2.0.0"
      },
      "bin": {
        "babel": "bin/babel.js",
        "babel-external-helpers": "bin/babel-external-helpers.js"
      },
      "engines": {
        "node": ">=6.9.0"
      },
      "optionalDependencies": {
        "@nicolo-ribaudo/chokidar-2": "2.1.8-no-fsevents.3",
        "chokidar": "^3.4.0"
      },
      "peerDependencies": {
        "@babel/core": "^7.0.0-0"
      }
    },
    "node_modules/@babel/code-frame": {
      "version": "7.18.6",
      "resolved": "https://registry.npmjs.org/@babel/code-frame/-/code-frame-7.18.6.tgz",
      "integrity": "sha512-TDCmlK5eOvH+eH7cdAFlNXeVJqWIQ7gW9tY1GJIpUtFb6CmjVyq2VM3u71bOyR8CRihcCgMUYoDNyLXao3+70Q==",
      "dev": true,
      "dependencies": {
        "@babel/highlight": "^7.18.6"
      },
      "engines": {
        "node": ">=6.9.0"
      }
    },
    "node_modules/@babel/compat-data": {
      "version": "7.21.0",
      "resolved": "https://registry.npmjs.org/@babel/compat-data/-/compat-data-7.21.0.tgz",
      "integrity": "sha512-gMuZsmsgxk/ENC3O/fRw5QY8A9/uxQbbCEypnLIiYYc/qVJtEV7ouxC3EllIIwNzMqAQee5tanFabWsUOutS7g==",
      "dev": true,
      "engines": {
        "node": ">=6.9.0"
      }
    },
    "node_modules/@babel/core": {
      "version": "7.21.0",
      "resolved": "https://registry.npmjs.org/@babel/core/-/core-7.21.0.tgz",
      "integrity": "sha512-PuxUbxcW6ZYe656yL3EAhpy7qXKq0DmYsrJLpbB8XrsCP9Nm+XCg9XFMb5vIDliPD7+U/+M+QJlH17XOcB7eXA==",
      "dev": true,
      "dependencies": {
        "@ampproject/remapping": "^2.2.0",
        "@babel/code-frame": "^7.18.6",
        "@babel/generator": "^7.21.0",
        "@babel/helper-compilation-targets": "^7.20.7",
        "@babel/helper-module-transforms": "^7.21.0",
        "@babel/helpers": "^7.21.0",
        "@babel/parser": "^7.21.0",
        "@babel/template": "^7.20.7",
        "@babel/traverse": "^7.21.0",
        "@babel/types": "^7.21.0",
        "convert-source-map": "^1.7.0",
        "debug": "^4.1.0",
        "gensync": "^1.0.0-beta.2",
        "json5": "^2.2.2",
        "semver": "^6.3.0"
      },
      "engines": {
        "node": ">=6.9.0"
      },
      "funding": {
        "type": "opencollective",
        "url": "https://opencollective.com/babel"
      }

